version: 5
environments:
  default:
    channels:
    - url: https://conda.anaconda.org/conda-forge/
    packages:
      osx-arm64:
      - conda: https://conda.anaconda.org/conda-forge/osx-arm64/_go_select-2.3.0-cgo.tar.bz2
      - conda: https://conda.anaconda.org/conda-forge/osx-arm64/go-1.22.5-hc24e2ac_0.conda
      - conda: https://conda.anaconda.org/conda-forge/osx-arm64/libcxx-17.0.6-h5f092b4_0.conda
      - conda: https://conda.anaconda.org/conda-forge/osx-arm64/libgfortran-5.0.0-13_2_0_hd922786_3.conda
      - conda: https://conda.anaconda.org/conda-forge/osx-arm64/libgfortran5-13.2.0-hf226fd6_3.conda
      - conda: https://conda.anaconda.org/conda-forge/osx-arm64/llvm-openmp-18.1.8-hde57baf_0.conda
packages:
- kind: conda
  name: _go_select
  version: 2.3.0
  build: cgo
  subdir: osx-arm64
  url: https://conda.anaconda.org/conda-forge/osx-arm64/_go_select-2.3.0-cgo.tar.bz2
  sha256: 5cd5dd9817d0d671ad3e2f85c967b4dcd1a297a686b7d5820e625e2f4f962558
  md5: 79a39651abfce773c2948175d9b62986
  license: BSD-3-Clause
  license_family: BSD
  size: 5074
  timestamp: 1627073534014
- kind: conda
  name: go
  version: 1.22.5
  build: hc24e2ac_0
  subdir: osx-arm64
  url: https://conda.anaconda.org/conda-forge/osx-arm64/go-1.22.5-hc24e2ac_0.conda
  sha256: c4eba1e7c21e8d9ec85d40f364b206e3d34eaa406324dc7f783443fa407f48ff
  md5: 56c681ac6bbceecca0243fe76ed4b601
  depends:
  - __osx >=11.0
  - _go_select ==2.3.0 cgo
  - libcxx >=16
  - libgfortran 5.*
  - libgfortran5 >=12.3.0
  constrains:
  - clang_osx-arm64 16.*
  - gfortran_osx-arm64 12.*
  - clangxx_osx-arm64 16.*
  license: BSD-3-Clause
  license_family: BSD
  size: 88076032
  timestamp: 1719991497521
- kind: conda
  name: libcxx
  version: 17.0.6
  build: h5f092b4_0
  subdir: osx-arm64
  url: https://conda.anaconda.org/conda-forge/osx-arm64/libcxx-17.0.6-h5f092b4_0.conda
  sha256: 119d3d9306f537d4c89dc99ed99b94c396d262f0b06f7833243646f68884f2c2
  md5: a96fd5dda8ce56c86a971e0fa02751d0
  depends:
  - __osx >=11.0
  license: Apache-2.0 WITH LLVM-exception
  license_family: Apache
  size: 1248885
  timestamp: 1715020154867
- kind: conda
  name: libgfortran
  version: 5.0.0
  build: 13_2_0_hd922786_3
  build_number: 3
  subdir: osx-arm64
  url: https://conda.anaconda.org/conda-forge/osx-arm64/libgfortran-5.0.0-13_2_0_hd922786_3.conda
  sha256: 44e541b4821c96b28b27fef5630883a60ce4fee91fd9c79f25a199f8f73f337b
  md5: 4a55d9e169114b2b90d3ec4604cd7bbf
  depends:
  - libgfortran5 13.2.0 hf226fd6_3
  license: GPL-3.0-only WITH GCC-exception-3.1
  license_family: GPL
  size: 110233
  timestamp: 1707330749033
- kind: conda
  name: libgfortran5
  version: 13.2.0
  build: hf226fd6_3
  build_number: 3
  subdir: osx-arm64
  url: https://conda.anaconda.org/conda-forge/osx-arm64/libgfortran5-13.2.0-hf226fd6_3.conda
  sha256: bafc679eedb468a86aa4636061c55966186399ee0a04b605920d208d97ac579a
  md5: 66ac81d54e95c534ae488726c1f698ea
  depends:
  - llvm-openmp >=8.0.0
  constrains:
  - libgfortran 5.0.0 13_2_0_*_3
  license: GPL-3.0-only WITH GCC-exception-3.1
  license_family: GPL
  size: 997381
  timestamp: 1707330687590
- kind: conda
  name: llvm-openmp
  version: 18.1.8
  build: hde57baf_0
  subdir: osx-arm64
  url: https://conda.anaconda.org/conda-forge/osx-arm64/llvm-openmp-18.1.8-hde57baf_0.conda
  sha256: 42bc913b3c91934a1ce7ff635e87ee48e2e252632f0cbf607c5a3e4409d9f9dd
  md5: 82393fdbe38448d878a8848b6fcbcefb
  depends:
  - __osx >=11.0
  constrains:
  - openmp 18.1.8|18.1.8.*
  license: Apache-2.0 WITH LLVM-exception
  license_family: APACHE
  size: 276438
  timestamp: 1718911793488
